vimagination.zapto.org/parser v1.0.4 h1:7REiRsbDlO7amHGjrCMudJaaw+E854njekVmTTsI2Hg=
vimagination.zapto.org/parser v1.0.4/go.mod h1:MxM1MZY6A9AeEx6nahIQ6MJaGZqX80n6Vm3zGVqV9FU=
vimagination.zapto.org/parser v1.1.0 h1:ImnSFUvyOeHQ2o15jWODDA17LVU2+6fhMcA15UPm62Y=
vimagination.zapto.org/parser v1.1.0/go.mod h1:MxM1MZY6A9AeEx6nahIQ6MJaGZqX80n6Vm3zGVqV9FU=
vimagination.zapto.org/parser v1.1.1 h1:82mPnp6ix/ZGH/Alo6eEGsWUrkOtt3M+gvDOyKaJpC0=
vimagination.zapto.org/parser v1.1.1/go.mod h1:MxM1MZY6A9AeEx6nahIQ6MJaGZqX80n6Vm3zGVqV9FU=
vimagination.zapto.org/parser v1.2.0 h1:A2vHGRj2kN5NJoNFwdzjxXAyp1jnA1YScBPKYK5cQNg=
vimagination.zapto.org/parser v1.2.0/go.mod h1:MxM1MZY6A9AeEx6nahIQ6MJaGZqX80n6Vm3zGVqV9FU=
vimagination.zapto.org/parser v1.2.1 h1:2BnWOboOKhp24KIQcFPwX58wKzI3brYtZ9i8du8NQa0=
vimagination.zapto.org/parser v1.2.1/go.mod h1:MxM1MZY6A9AeEx6nahIQ6MJaGZqX80n6Vm3zGVqV9FU=
vimagination.zapto.org/parser v1.2.2 h1:LdihVnnzb7m2e0caKm2Zsj+8IJiUKW2ZCK7b/+XmpSo=
vimagination.zapto.org/parser v1.2.2/go.mod h1:MxM1MZY6A9AeEx6nahIQ6MJaGZqX80n6Vm3zGVqV9FU=
